
Microsoft Visual Studio Solution File, Format Version 12.00
# Visual Studio 15
VisualStudioVersion = 15.0.28307.168
MinimumVisualStudioVersion = 10.0.40219.1
Project("{8BC9CEB8-8B4A-11D0-8D11-00A0C91BC942}") = "UsingClass", "UsingClass\UsingClass.vcxproj", "{6101AF3E-0080-4127-BEF0-D2DF3968396D}"
EndProject
Project("{8BC9CEB8-8B4A-11D0-8D11-00A0C91BC942}") = "OverloadingOperator", "OverloadingOperator\OverloadingOperator.vcxproj", "{934784EB-87C7-4549-A4B7-91F75C0B5B73}"
EndProject
Project("{8BC9CEB8-8B4A-11D0-8D11-00A0C91BC942}") = "Inheritance", "Inheritance\Inheritance.vcxproj", "{9EE85F74-60A4-46FF-995A-B92B34F9375F}"
EndProject
Project("{8BC9CEB8-8B4A-11D0-8D11-00A0C91BC942}") = "Template", "Template\Template.vcxproj", "{83EF800E-1E1C-4BCD-90FA-B5EABCF7E3DB}"
EndProject
Global
	GlobalSection(SolutionConfigurationPlatforms) = preSolution
		Debug|x64 = Debug|x64
		Debug|x86 = Debug|x86
		Release|x64 = Release|x64
		Release|x86 = Release|x86
	EndGlobalSection
	GlobalSection(ProjectConfigurationPlatforms) = postSolution
		{6101AF3E-0080-4127-BEF0-D2DF3968396D}.Debug|x64.ActiveCfg = Debug|x64
		{6101AF3E-0080-4127-BEF0-D2DF3968396D}.Debug|x64.Build.0 = Debug|x64
		{6101AF3E-0080-4127-BEF0-D2DF3968396D}.Debug|x86.ActiveCfg = Debug|Win32
		{6101AF3E-0080-4127-BEF0-D2DF3968396D}.Debug|x86.Build.0 = Debug|Win32
		{6101AF3E-0080-4127-BEF0-D2DF3968396D}.Release|x64.ActiveCfg = Release|x64
		{6101AF3E-0080-4127-BEF0-D2DF3968396D}.Release|x64.Build.0 = Release|x64
		{6101AF3E-0080-4127-BEF0-D2DF3968396D}.Release|x86.ActiveCfg = Release|Win32
		{6101AF3E-0080-4127-BEF0-D2DF3968396D}.Release|x86.Build.0 = Release|Win32
		{934784EB-87C7-4549-A4B7-91F75C0B5B73}.Debug|x64.ActiveCfg = Debug|x64
		{934784EB-87C7-4549-A4B7-91F75C0B5B73}.Debug|x64.Build.0 = Debug|x64
		{934784EB-87C7-4549-A4B7-91F75C0B5B73}.Debug|x86.ActiveCfg = Debug|Win32
		{934784EB-87C7-4549-A4B7-91F75C0B5B73}.Debug|x86.Build.0 = Debug|Win32
		{934784EB-87C7-4549-A4B7-91F75C0B5B73}.Release|x64.ActiveCfg = Release|x64
		{934784EB-87C7-4549-A4B7-91F75C0B5B73}.Release|x64.Build.0 = Release|x64
		{934784EB-87C7-4549-A4B7-91F75C0B5B73}.Release|x86.ActiveCfg = Release|Win32
		{934784EB-87C7-4549-A4B7-91F75C0B5B73}.Release|x86.Build.0 = Release|Win32
		{9EE85F74-60A4-46FF-995A-B92B34F9375F}.Debug|x64.ActiveCfg = Debug|x64
		{9EE85F74-60A4-46FF-995A-B92B34F9375F}.Debug|x64.Build.0 = Debug|x64
		{9EE85F74-60A4-46FF-995A-B92B34F9375F}.Debug|x86.ActiveCfg = Debug|Win32
		{9EE85F74-60A4-46FF-995A-B92B34F9375F}.Debug|x86.Build.0 = Debug|Win32
		{9EE85F74-60A4-46FF-995A-B92B34F9375F}.Release|x64.ActiveCfg = Release|x64
		{9EE85F74-60A4-46FF-995A-B92B34F9375F}.Release|x64.Build.0 = Release|x64
		{9EE85F74-60A4-46FF-995A-B92B34F9375F}.Release|x86.ActiveCfg = Release|Win32
		{9EE85F74-60A4-46FF-995A-B92B34F9375F}.Release|x86.Build.0 = Release|Win32
		{83EF800E-1E1C-4BCD-90FA-B5EABCF7E3DB}.Debug|x64.ActiveCfg = Debug|x64
		{83EF800E-1E1C-4BCD-90FA-B5EABCF7E3DB}.Debug|x64.Build.0 = Debug|x64
		{83EF800E-1E1C-4BCD-90FA-B5EABCF7E3DB}.Debug|x86.ActiveCfg = Debug|Win32
		{83EF800E-1E1C-4BCD-90FA-B5EABCF7E3DB}.Debug|x86.Build.0 = Debug|Win32
		{83EF800E-1E1C-4BCD-90FA-B5EABCF7E3DB}.Release|x64.ActiveCfg = Release|x64
		{83EF800E-1E1C-4BCD-90FA-B5EABCF7E3DB}.Release|x64.Build.0 = Release|x64
		{83EF800E-1E1C-4BCD-90FA-B5EABCF7E3DB}.Release|x86.ActiveCfg = Release|Win32
		{83EF800E-1E1C-4BCD-90FA-B5EABCF7E3DB}.Release|x86.Build.0 = Release|Win32
	EndGlobalSection
	GlobalSection(SolutionProperties) = preSolution
		HideSolutionNode = FALSE
	EndGlobalSection
	GlobalSection(ExtensibilityGlobals) = postSolution
		SolutionGuid = {B98AE5FA-FAF6-4EDA-B9F9-BE26DBBA1B4D}
	EndGlobalSection
EndGlobal
